
Microsoft Visual Studio Solution File, Format Version 12.00
# Visual Studio Version 17
VisualStudioVersion = 17.4.33213.308
MinimumVisualStudioVersion = 10.0.40219.1
Project("{FAE04EC0-301F-11D3-BF4B-00C04F79EFBC}") = "K8Interactions", "K8Interactions\K8Interactions.csproj", "{98A4223B-8BC2-4871-8A3E-F0358FE4A25C}"
EndProject
Project("{FAE04EC0-301F-11D3-BF4B-00C04F79EFBC}") = "Handlers", "Handlers\Handlers.csproj", "{9F4B158B-6CC9-4EC6-80FC-D0F4E09C6E10}"
EndProject
Global
	GlobalSection(SolutionConfigurationPlatforms) = preSolution
		Debug|Any CPU = Debug|Any CPU
		Release|Any CPU = Release|Any CPU
	EndGlobalSection
	GlobalSection(ProjectConfigurationPlatforms) = postSolution
		{98A4223B-8BC2-4871-8A3E-F0358FE4A25C}.Debug|Any CPU.ActiveCfg = Debug|Any CPU
		{98A4223B-8BC2-4871-8A3E-F0358FE4A25C}.Debug|Any CPU.Build.0 = Debug|Any CPU
		{98A4223B-8BC2-4871-8A3E-F0358FE4A25C}.Release|Any CPU.ActiveCfg = Release|Any CPU
		{98A4223B-8BC2-4871-8A3E-F0358FE4A25C}.Release|Any CPU.Build.0 = Release|Any CPU
		{9F4B158B-6CC9-4EC6-80FC-D0F4E09C6E10}.Debug|Any CPU.ActiveCfg = Debug|Any CPU
		{9F4B158B-6CC9-4EC6-80FC-D0F4E09C6E10}.Debug|Any CPU.Build.0 = Debug|Any CPU
		{9F4B158B-6CC9-4EC6-80FC-D0F4E09C6E10}.Release|Any CPU.ActiveCfg = Release|Any CPU
		{9F4B158B-6CC9-4EC6-80FC-D0F4E09C6E10}.Release|Any CPU.Build.0 = Release|Any CPU
	EndGlobalSection
	GlobalSection(SolutionProperties) = preSolution
		HideSolutionNode = FALSE
	EndGlobalSection
	GlobalSection(ExtensibilityGlobals) = postSolution
		SolutionGuid = {61AFD456-DD5F-46E3-9EF3-116F56CA4070}
	EndGlobalSection
EndGlobal
